{
  "name": "signalk-ajrm-marine-tidal-database",
  "version": "0.7.2",
  "lockfileVersion": 3,
  "requires": true,
  "packages": {
    "": {
      "name": "signalk-ajrm-marine-tidal-database",
      "version": "0.7.2",
      "license": "AGPL-3.0-or-later",
      "devDependencies": {
        "@ajrm-marine/map-core": "github:ajrm-marine-suite/ajrm-marine-map-core#v0.7.14"
      },
      "engines": {
        "node": ">=20"
      }
    },
    "node_modules/@ajrm-marine/map-core": {
      "version": "0.7.14",
      "resolved": "git+ssh://git@github.com/ajrm-marine-suite/ajrm-marine-map-core.git#d3751c6e4dd48015dd632ebd07b62fc0c31b0ffe",
      "dev": true,
      "license": "AGPL-3.0-or-later"
    }
  }
}
