{
  "name": "signalk-ajrm-marine-tidal-database",
  "version": "0.8.3",
  "lockfileVersion": 3,
  "requires": true,
  "packages": {
    "": {
      "name": "signalk-ajrm-marine-tidal-database",
      "version": "0.8.3",
      "license": "AGPL-3.0-or-later",
      "devDependencies": {
        "@ajrm-marine/map-core": "git+https://github.com/ajrm-marine-suite/ajrm-marine-map-core.git#v0.7.15"
      },
      "engines": {
        "node": ">=20"
      }
    },
    "node_modules/@ajrm-marine/map-core": {
      "version": "0.7.15",
      "resolved": "git+https://github.com/ajrm-marine-suite/ajrm-marine-map-core.git#v0.7.15",
      "dev": true,
      "license": "AGPL-3.0-or-later"
    }
  }
}
