{
  "name": "signalk-ajrm-marine-tidal-database",
  "version": "0.1.9",
  "lockfileVersion": 3,
  "requires": true,
  "packages": {
    "": {
      "name": "signalk-ajrm-marine-tidal-database",
      "version": "0.1.9",
      "license": "AGPL-3.0-or-later",
      "devDependencies": {
        "@ajrm-marine/map-core": "github:ajrm-marine-suite/ajrm-marine-map-core#v0.7.13"
      },
      "engines": {
        "node": ">=20"
      }
    },
    "node_modules/@ajrm-marine/map-core": {
      "version": "0.7.13",
      "resolved": "git+ssh://git@github.com/ajrm-marine-suite/ajrm-marine-map-core.git#0840f9804717afb0915b162525d6bf947b8469b9",
      "dev": true,
      "license": "AGPL-3.0-or-later"
    }
  }
}
